// !$*UTF8*$!
{
	archiveVersion = 1;
	classes = {
	};
	objectVersion = 46;
	objects = {

/* Begin PBXBuildFile section */
		AE3FE17B1D4C4655005AAEAE /* AppDelegate.swift in Sources */ = {isa = PBXBuildFile; fileRef = AE3FE17A1D4C4655005AAEAE /* AppDelegate.swift */; };
		AE3FE17D1D4C4655005AAEAE /* ViewController.swift in Sources */ = {isa = PBXBuildFile; fileRef = AE3FE17C1D4C4655005AAEAE /* ViewController.swift */; };
		AE3FE1801D4C4655005AAEAE /* Main.storyboard in Resources */ = {isa = PBXBuildFile; fileRef = AE3FE17E1D4C4655005AAEAE /* Main.storyboard */; };
		AE3FE1821D4C4655005AAEAE /* Assets.xcassets in Resources */ = {isa = PBXBuildFile; fileRef = AE3FE1811D4C4655005AAEAE /* Assets.xcassets */; };
		AE3FE1851D4C4655005AAEAE /* LaunchScreen.storyboard in Resources */ = {isa = PBXBuildFile; fileRef = AE3FE1831D4C4655005AAEAE /* LaunchScreen.storyboard */; };
		AE3FE18D1D4C466E005AAEAE /* Extension.swift in Sources */ = {isa = PBXBuildFile; fileRef = AE3FE18C1D4C466E005AAEAE /* Extension.swift */; };
/* End PBXBuildFile section */

/* Begin PBXFileReference section */
		AE3FE1771D4C4655005AAEAE /* Extension.app */ = {isa = PBXFileReference; explicitFileType = wrapper.application; includeInIndex = 0; path = Extension.app; sourceTree = BUILT_PRODUCTS_DIR; };
		AE3FE17A1D4C4655005AAEAE /* AppDelegate.swift */ = {isa = PBXFileReference; lastKnownFileType = sourcecode.swift; path = AppDelegate.swift; sourceTree = "<group>"; };
		AE3FE17C1D4C4655005AAEAE /* ViewController.swift */ = {isa = PBXFileReference; lastKnownFileType = sourcecode.swift; path = ViewController.swift; sourceTree = "<group>"; };
		AE3FE17F1D4C4655005AAEAE /* Base */ = {isa = PBXFileReference; lastKnownFileType = file.storyboard; name = Base; path = Base.lproj/Main.storyboard; sourceTree = "<group>"; };
		AE3FE1811D4C4655005AAEAE /* Assets.xcassets */ = {isa = PBXFileReference; lastKnownFileType = folder.assetcatalog; path = Assets.xcassets; sourceTree = "<group>"; };
		AE3FE1841D4C4655005AAEAE /* Base */ = {isa = PBXFileReference; lastKnownFileType = file.storyboard; name = Base; path = Base.lproj/LaunchScreen.storyboard; sourceTree = "<group>"; };
		AE3FE1861D4C4655005AAEAE /* Info.plist */ = {isa = PBXFileReference; lastKnownFileType = text.plist.xml; path = Info.plist; sourceTree = "<group>"; };
		AE3FE18C1D4C466E005AAEAE /* Extension.swift */ = {isa = PBXFileReference; fileEncoding = 4; lastKnownFileType = sourcecode.swift; path = Extension.swift; sourceTree = "<group>"; };
/* End PBXFileReference section */

/* Begin PBXFrameworksBuildPhase section */
		AE3FE1741D4C4655005AAEAE /* Frameworks */ = {
			isa = PBXFrameworksBuildPhase;
			buildActionMask = 2147483647;
			files = (
			);
			runOnlyForDeploymentPostprocessing = 0;
		};
/* End PBXFrameworksBuildPhase section */

/* Begin PBXGroup section */
		AE3FE16E1D4C4655005AAEAE = {
			isa = PBXGroup;
			children = (
				AE3FE1791D4C4655005AAEAE /* Extension */,
				AE3FE1781D4C4655005AAEAE /* Products */,
			);
			sourceTree = "<group>";
		};
		AE3FE1781D4C4655005AAEAE /* Products */ = {
			isa = PBXGroup;
			children = (
				AE3FE1771D4C4655005AAEAE /* Extension.app */,
			);
			name = Products;
			sourceTree = "<group>";
		};
		AE3FE1791D4C4655005AAEAE /* Extension */ = {
			isa = PBXGroup;
			children = (
				AE3FE17A1D4C4655005AAEAE /* AppDelegate.swift */,
				AE3FE17C1D4C4655005AAEAE /* ViewController.swift */,
				AE3FE18C1D4C466E005AAEAE /* Extension.swift */,
				AE3FE17E1D4C4655005AAEAE /* Main.storyboard */,
				AE3FE1811D4C4655005AAEAE /* Assets.xcassets */,
				AE3FE1831D4C4655005AAEAE /* LaunchScreen.storyboard */,
				AE3FE1861D4C4655005AAEAE /* Info.plist */,
			);
			path = Extension;
			sourceTree = "<group>";
		};
/* End PBXGroup section */

/* Begin PBXNativeTarget section */
		AE3FE1761D4C4655005AAEAE /* Extension */ = {
			isa = PBXNativeTarget;
			buildConfigurationList = AE3FE1891D4C4655005AAEAE /* Build configuration list for PBXNativeTarget "Extension" */;
			buildPhases = (
				AE3FE1731D4C4655005AAEAE /* Sources */,
				AE3FE1741D4C4655005AAEAE /* Frameworks */,
				AE3FE1751D4C4655005AAEAE /* Resources */,
			);
			buildRules = (
			);
			dependencies = (
			);
			name = Extension;
			productName = Extension;
			productReference = AE3FE1771D4C4655005AAEAE /* Extension.app */;
			productType = "com.apple.product-type.application";
		};
/* End PBXNativeTarget section */

/* Begin PBXProject section */
		AE3FE16F1D4C4655005AAEAE /* Project object */ = {
			isa = PBXProject;
			attributes = {
				LastSwiftUpdateCheck = 0730;
				LastUpgradeCheck = 0730;
				ORGANIZATIONNAME = "上海方创金融股份服务有限公司";
				TargetAttributes = {
					AE3FE1761D4C4655005AAEAE = {
						CreatedOnToolsVersion = 7.3.1;
					};
				};
			};
			buildConfigurationList = AE3FE1721D4C4655005AAEAE /* Build configuration list for PBXProject "Extension" */;
			compatibilityVersion = "Xcode 3.2";
			developmentRegion = English;
			hasScannedForEncodings = 0;
			knownRegions = (
				en,
				Base,
			);
			mainGroup = AE3FE16E1D4C4655005AAEAE;
			productRefGroup = AE3FE1781D4C4655005AAEAE /* Products */;
			projectDirPath = "";
			projectRoot = "";
			targets = (
				AE3FE1761D4C4655005AAEAE /* Extension */,
			);
		};
/* End PBXProject section */

/* Begin PBXResourcesBuildPhase section */
		AE3FE1751D4C4655005AAEAE /* Resources */ = {
			isa = PBXResourcesBuildPhase;
			buildActionMask = 2147483647;
			files = (
				AE3FE1851D4C4655005AAEAE /* LaunchScreen.storyboard in Resources */,
				AE3FE1821D4C4655005AAEAE /* Assets.xcassets in Resources */,
				AE3FE1801D4C4655005AAEAE /* Main.storyboard in Resources */,
			);
			runOnlyForDeploymentPostprocessing = 0;
		};
/* End PBXResourcesBuildPhase section */

/* Begin PBXSourcesBuildPhase section */
		AE3FE1731D4C4655005AAEAE /* Sources */ = {
			isa = PBXSourcesBuildPhase;
			buildActionMask = 2147483647;
			files = (
				AE3FE18D1D4C466E005AAEAE /* Extension.swift in Sources */,
				AE3FE17D1D4C4655005AAEAE /* ViewController.swift in Sources */,
				AE3FE17B1D4C4655005AAEAE /* AppDelegate.swift in Sources */,
			);
			runOnlyForDeploymentPostprocessing = 0;
		};
/* End PBXSourcesBuildPhase section */

/* Begin PBXVariantGroup section */
		AE3FE17E1D4C4655005AAEAE /* Main.storyboard */ = {
			isa = PBXVariantGroup;
			children = (
				AE3FE17F1D4C4655005AAEAE /* Base */,
			);
			name = Main.storyboard;
			sourceTree = "<group>";
		};
		AE3FE1831D4C4655005AAEAE /* LaunchScreen.storyboard */ = {
			isa = PBXVariantGroup;
			children = (
				AE3FE1841D4C4655005AAEAE /* Base */,
			);
			name = LaunchScreen.storyboard;
			sourceTree = "<group>";
		};
/* End PBXVariantGroup section */

/* Begin XCBuildConfiguration section */
		AE3FE1871D4C4655005AAEAE /* Debug */ = {
			isa = XCBuildConfiguration;
			buildSettings = {
				ALWAYS_SEARCH_USER_PATHS = NO;
				CLANG_ANALYZER_NONNULL = YES;
				CLANG_CXX_LANGUAGE_STANDARD = "gnu++0x";
				CLANG_CXX_LIBRARY = "libc++";
				CLANG_ENABLE_MODULES = YES;
				CLANG_ENABLE_OBJC_ARC = YES;
				CLANG_WARN_BOOL_CONVERSION = YES;
				CLANG_WARN_CONSTANT_CONVERSION = YES;
				CLANG_WARN_DIRECT_OBJC_ISA_USAGE = YES_ERROR;
				CLANG_WARN_EMPTY_BODY = YES;
				CLANG_WARN_ENUM_CONVERSION = YES;
				CLANG_WARN_INT_CONVERSION = YES;
				CLANG_WARN_OBJC_ROOT_CLASS = YES_ERROR;
				CLANG_WARN_UNREACHABLE_CODE = YES;
				CLANG_WARN__DUPLICATE_METHOD_MATCH = YES;
				"CODE_SIGN_IDENTITY[sdk=iphoneos*]" = "iPhone Developer";
				COPY_PHASE_STRIP = NO;
				DEBUG_INFORMATION_FORMAT = dwarf;
				ENABLE_STRICT_OBJC_MSGSEND = YES;
				ENABLE_TESTABILITY = YES;
				GCC_C_LANGUAGE_STANDARD = gnu99;
				GCC_DYNAMIC_NO_PIC = NO;
				GCC_NO_COMMON_BLOCKS = YES;
				GCC_OPTIMIZATION_LEVEL = 0;
				GCC_PREPROCESSOR_DEFINITIONS = (
					"DEBUG=1",
					"$(inherited)",
				);
				GCC_WARN_64_TO_32_BIT_CONVERSION = YES;
				GCC_WARN_ABOUT_RETURN_TYPE = YES_ERROR;
				GCC_WARN_UNDECLARED_SELECTOR = YES;
				GCC_WARN_UNINITIALIZED_AUTOS = YES_AGGRESSIVE;
				GCC_WARN_UNUSED_FUNCTION = YES;
				GCC_WARN_UNUSED_VARIABLE = YES;
				IPHONEOS_DEPLOYMENT_TARGET = 9.3;
				MTL_ENABLE_DEBUG_INFO = YES;
				ONLY_ACTIVE_ARCH = YES;
				SDKROOT = iphoneos;
				SWIFT_OPTIMIZATION_LEVEL = "-Onone";
			};
			name = Debug;
		};
		AE3FE1881D4C4655005AAEAE /* Release */ = {
			isa = XCBuildConfiguration;
			buildSettings = {
				ALWAYS_SEARCH_USER_PATHS = NO;
				CLANG_ANALYZER_NONNULL = YES;
				CLANG_CXX_LANGUAGE_STANDARD = "gnu++0x";
				CLANG_CXX_LIBRARY = "libc++";
				CLANG_ENABLE_MODULES = YES;
				CLANG_ENABLE_OBJC_ARC = YES;
				CLANG_WARN_BOOL_CONVERSION = YES;
				CLANG_WARN_CONSTANT_CONVERSION = YES;
				CLANG_WARN_DIRECT_OBJC_ISA_USAGE = YES_ERROR;
				CLANG_WARN_EMPTY_BODY = YES;
				CLANG_WARN_ENUM_CONVERSION = YES;
				CLANG_WARN_INT_CONVERSION = YES;
				CLANG_WARN_OBJC_ROOT_CLASS = YES_ERROR;
				CLANG_WARN_UNREACHABLE_CODE = YES;
				CLANG_WARN__DUPLICATE_METHOD_MATCH = YES;
				"CODE_SIGN_IDENTITY[sdk=iphoneos*]" = "iPhone Developer";
				COPY_PHASE_STRIP = NO;
				DEBUG_INFORMATION_FORMAT = "dwarf-with-dsym";
				ENABLE_NS_ASSERTIONS = NO;
				ENABLE_STRICT_OBJC_MSGSEND = YES;
				GCC_C_LANGUAGE_STANDARD = gnu99;
				GCC_NO_COMMON_BLOCKS = YES;
				GCC_WARN_64_TO_32_BIT_CONVERSION = YES;
				GCC_WARN_ABOUT_RETURN_TYPE = YES_ERROR;
				GCC_WARN_UNDECLARED_SELECTOR = YES;
				GCC_WARN_UNINITIALIZED_AUTOS = YES_AGGRESSIVE;
				GCC_WARN_UNUSED_FUNCTION = YES;
				GCC_WARN_UNUSED_VARIABLE = YES;
				IPHONEOS_DEPLOYMENT_TARGET = 9.3;
				MTL_ENABLE_DEBUG_INFO = NO;
				SDKROOT = iphoneos;
				VALIDATE_PRODUCT = YES;
			};
			name = Release;
		};
		AE3FE18A1D4C4655005AAEAE /* Debug */ = {
			isa = XCBuildConfiguration;
			buildSettings = {
				ASSETCATALOG_COMPILER_APPICON_NAME = AppIcon;
				INFOPLIST_FILE = Extension/Info.plist;
				LD_RUNPATH_SEARCH_PATHS = "$(inherited) @executable_path/Frameworks";
				PRODUCT_BUNDLE_IDENTIFIER = com.favalue.cn.Extension;
				PRODUCT_NAME = "$(TARGET_NAME)";
			};
			name = Debug;
		};
		AE3FE18B1D4C4655005AAEAE /* Release */ = {
			isa = XCBuildConfiguration;
			buildSettings = {
				ASSETCATALOG_COMPILER_APPICON_NAME = AppIcon;
				INFOPLIST_FILE = Extension/Info.plist;
				LD_RUNPATH_SEARCH_PATHS = "$(inherited) @executable_path/Frameworks";
				PRODUCT_BUNDLE_IDENTIFIER = com.favalue.cn.Extension;
				PRODUCT_NAME = "$(TARGET_NAME)";
			};
			name = Release;
		};
/* End XCBuildConfiguration section */

/* Begin XCConfigurationList section */
		AE3FE1721D4C4655005AAEAE /* Build configuration list for PBXProject "Extension" */ = {
			isa = XCConfigurationList;
			buildConfigurations = (
				AE3FE1871D4C4655005AAEAE /* Debug */,
				AE3FE1881D4C4655005AAEAE /* Release */,
			);
			defaultConfigurationIsVisible = 0;
			defaultConfigurationName = Release;
		};
		AE3FE1891D4C4655005AAEAE /* Build configuration list for PBXNativeTarget "Extension" */ = {
			isa = XCConfigurationList;
			buildConfigurations = (
				AE3FE18A1D4C4655005AAEAE /* Debug */,
				AE3FE18B1D4C4655005AAEAE /* Release */,
			);
			defaultConfigurationIsVisible = 0;
		};
/* End XCConfigurationList section */
	};
	rootObject = AE3FE16F1D4C4655005AAEAE /* Project object */;
}
